PODS:
  - ComputableLayout (0.5.0):
    - DGSwiftUtilities (~> 0.9)
  - DGSwiftUtilities (0.9.1)

DEPENDENCIES:
  - ComputableLayout (from `../`)

SPEC REPOS:
  trunk:
    - DGSwiftUtilities

EXTERNAL SOURCES:
  ComputableLayout:
    :path: "../"

SPEC CHECKSUMS:
  ComputableLayout: dd33dc61fd12e1e864895c81bf19537561e63545
  DGSwiftUtilities: b2113a3d3979674da034f08d6d8eabf3c0dd1d1a

PODFILE CHECKSUM: 5f926b14fcfd4a0e94e3a10ded5c86749359e196

COCOAPODS: 1.14.2
