PODS:
  - ComputableLayout (0.7.0):
    - DGSwiftUtilities (~> 0.23)
  - DGSwiftUtilities (0.23.1)

DEPENDENCIES:
  - ComputableLayout (from `../`)

SPEC REPOS:
  trunk:
    - DGSwiftUtilities

EXTERNAL SOURCES:
  ComputableLayout:
    :path: "../"

SPEC CHECKSUMS:
  ComputableLayout: df9d1964c279b8f0b5ea35ac2ed4c0aab9aaaf7d
  DGSwiftUtilities: 86ad92486b0a5ed46fe851bb6ecbb66d3361e9ab

PODFILE CHECKSUM: 5f926b14fcfd4a0e94e3a10ded5c86749359e196

COCOAPODS: 1.15.2
