PODS:
  - ComputableLayout (0.5.0):
    - DGSwiftUtilities (~> 0.8)
  - DGSwiftUtilities (0.8.1)

DEPENDENCIES:
  - ComputableLayout (from `../`)

SPEC REPOS:
  trunk:
    - DGSwiftUtilities

EXTERNAL SOURCES:
  ComputableLayout:
    :path: "../"

SPEC CHECKSUMS:
  ComputableLayout: 93ec2450a986638f01f31959473ffccef04d13cc
  DGSwiftUtilities: 16e0deb9b43c1807cc06761bfd27b22d6c790311

PODFILE CHECKSUM: 5f926b14fcfd4a0e94e3a10ded5c86749359e196

COCOAPODS: 1.14.2
