{
  "pins" : [
    {
      "identity" : "dgswiftutilities",
      "kind" : "remoteSourceControl",
      "location" : "https://github.com/dominicstop/DGSwiftUtilities",
      "state" : {
        "revision" : "5655bb5c0dd3c4a495a6a5aab04d4f62846e50e4",
        "version" : "0.1.0"
      }
    }
  ],
  "version" : 2
}
