{
  "pins" : [
    {
      "identity" : "dgswiftutilities",
      "kind" : "remoteSourceControl",
      "location" : "https://github.com/dominicstop/DGSwiftUtilities",
      "state" : {
        "revision" : "c4d03ba9a1dcfcf527431821b3485c07f4f0f362",
        "version" : "0.9.1"
      }
    }
  ],
  "version" : 2
}
