{
  "pins" : [
    {
      "identity" : "dgswiftutilities",
      "kind" : "remoteSourceControl",
      "location" : "https://github.com/dominicstop/DGSwiftUtilities",
      "state" : {
        "revision" : "bf0baf10b25ec0f973ecf59dc6150ae99bd31ba0",
        "version" : "0.7.0"
      }
    }
  ],
  "version" : 2
}
