{
  "pins" : [
    {
      "identity" : "dgswiftutilities",
      "kind" : "remoteSourceControl",
      "location" : "https://github.com/dominicstop/DGSwiftUtilities",
      "state" : {
        "revision" : "bc985b940248d3f8a00b098352c87df9988a1e7a",
        "version" : "0.8.0"
      }
    }
  ],
  "version" : 2
}
